
Microsoft Visual Studio Solution File, Format Version 12.00
# Visual Studio 15
VisualStudioVersion = 15.0.28307.645
MinimumVisualStudioVersion = 10.0.40219.1
Project("{6989167D-11E4-40FE-8C1A-2192A86A7E90}") = "test", "test\test.vfproj", "{B1345A5E-CBBC-46E4-A118-D5E26CA7F880}"
EndProject
Global
	GlobalSection(SolutionConfigurationPlatforms) = preSolution
		Debug|x86 = Debug|x86
		Release|x86 = Release|x86
	EndGlobalSection
	GlobalSection(ProjectConfigurationPlatforms) = postSolution
		{B1345A5E-CBBC-46E4-A118-D5E26CA7F880}.Debug|x86.ActiveCfg = Debug|Win32
		{B1345A5E-CBBC-46E4-A118-D5E26CA7F880}.Debug|x86.Build.0 = Debug|Win32
		{B1345A5E-CBBC-46E4-A118-D5E26CA7F880}.Release|x86.ActiveCfg = Release|Win32
		{B1345A5E-CBBC-46E4-A118-D5E26CA7F880}.Release|x86.Build.0 = Release|Win32
	EndGlobalSection
	GlobalSection(SolutionProperties) = preSolution
		HideSolutionNode = FALSE
	EndGlobalSection
	GlobalSection(ExtensibilityGlobals) = postSolution
		SolutionGuid = {543D9CC4-1ED7-4782-A1DF-FF61CDB2D404}
	EndGlobalSection
EndGlobal
